// !$*UTF8*$!
{
	archiveVersion = 1;
	classes = {
	};
	objectVersion = 55;
	objects = {

/* Begin PBXFileReference section */
		F33DCA19283FB9D100438C77 /* README.md */ = {isa = PBXFileReference; lastKnownFileType = net.daringfireball.markdown; name = README.md; path = ../README.md; sourceTree = "<group>"; };
		F33DCA1A283FB9D100438C77 /* LICENSE */ = {isa = PBXFileReference; lastKnownFileType = text; name = LICENSE; path = ../LICENSE; sourceTree = "<group>"; };
		F33DCA1B283FBA1E00438C77 /* Sources */ = {isa = PBXFileReference; lastKnownFileType = folder; name = Sources; path = ../Sources; sourceTree = "<group>"; };
/* End PBXFileReference section */

/* Begin PBXGroup section */
		F33DCA12283FB95E00438C77 = {
			isa = PBXGroup;
			children = (
				F33DCA1B283FBA1E00438C77 /* Sources */,
				F33DCA1A283FB9D100438C77 /* LICENSE */,
				F33DCA19283FB9D100438C77 /* README.md */,
			);
			sourceTree = "<group>";
		};
/* End PBXGroup section */

/* Begin PBXProject section */
		F33DCA13283FB95E00438C77 /* Project object */ = {
			isa = PBXProject;
			attributes = {
				BuildIndependentTargetsInParallel = 1;
				LastUpgradeCheck = 1320;
			};
			buildConfigurationList = F33DCA16283FB95E00438C77 /* Build configuration list for PBXProject "Enjoy" */;
			compatibilityVersion = "Xcode 13.0";
			developmentRegion = en;
			hasScannedForEncodings = 0;
			knownRegions = (
				en,
				Base,
			);
			mainGroup = F33DCA12283FB95E00438C77;
			projectDirPath = "";
			projectRoot = "";
			targets = (
			);
		};
/* End PBXProject section */

/* Begin XCBuildConfiguration section */
		F33DCA17283FB95E00438C77 /* Debug */ = {
			isa = XCBuildConfiguration;
			buildSettings = {
			};
			name = Debug;
		};
		F33DCA18283FB95E00438C77 /* Release */ = {
			isa = XCBuildConfiguration;
			buildSettings = {
			};
			name = Release;
		};
/* End XCBuildConfiguration section */

/* Begin XCConfigurationList section */
		F33DCA16283FB95E00438C77 /* Build configuration list for PBXProject "Enjoy" */ = {
			isa = XCConfigurationList;
			buildConfigurations = (
				F33DCA17283FB95E00438C77 /* Debug */,
				F33DCA18283FB95E00438C77 /* Release */,
			);
			defaultConfigurationIsVisible = 0;
			defaultConfigurationName = Release;
		};
/* End XCConfigurationList section */
	};
	rootObject = F33DCA13283FB95E00438C77 /* Project object */;
}
